
Microsoft Visual Studio Solution File, Format Version 12.00
# Visual Studio 15
VisualStudioVersion = 15.0.28307.489
MinimumVisualStudioVersion = 10.0.40219.1
Project("{8BC9CEB8-8B4A-11D0-8D11-00A0C91BC942}") = "PYJ_histo", "PYJ_histo\PYJ_histo.vcxproj", "{6B4F2F53-0749-4E0A-911D-F9DB36B26128}"
EndProject
Global
	GlobalSection(SolutionConfigurationPlatforms) = preSolution
		Debug|x64 = Debug|x64
		Debug|x86 = Debug|x86
		Release|x64 = Release|x64
		Release|x86 = Release|x86
	EndGlobalSection
	GlobalSection(ProjectConfigurationPlatforms) = postSolution
		{6B4F2F53-0749-4E0A-911D-F9DB36B26128}.Debug|x64.ActiveCfg = Debug|x64
		{6B4F2F53-0749-4E0A-911D-F9DB36B26128}.Debug|x64.Build.0 = Debug|x64
		{6B4F2F53-0749-4E0A-911D-F9DB36B26128}.Debug|x86.ActiveCfg = Debug|Win32
		{6B4F2F53-0749-4E0A-911D-F9DB36B26128}.Debug|x86.Build.0 = Debug|Win32
		{6B4F2F53-0749-4E0A-911D-F9DB36B26128}.Release|x64.ActiveCfg = Release|x64
		{6B4F2F53-0749-4E0A-911D-F9DB36B26128}.Release|x64.Build.0 = Release|x64
		{6B4F2F53-0749-4E0A-911D-F9DB36B26128}.Release|x86.ActiveCfg = Release|Win32
		{6B4F2F53-0749-4E0A-911D-F9DB36B26128}.Release|x86.Build.0 = Release|Win32
	EndGlobalSection
	GlobalSection(SolutionProperties) = preSolution
		HideSolutionNode = FALSE
	EndGlobalSection
	GlobalSection(ExtensibilityGlobals) = postSolution
		SolutionGuid = {52BF1849-95A6-4341-8432-5785966DC27B}
	EndGlobalSection
EndGlobal
